Microsoft Visual Studio Solution File, Format Version 12.00
# Visual Studio Version 17
VisualStudioVersion = 17.5.2.0
MinimumVisualStudioVersion = 10.0.40219.1
Project("{2150E333-8FDC-42A3-9474-1A3956D46DE8}") = "csharp-api", "csharp-api", "{C7CF8A27-8B6C-DC5F-2938-47052F33FEEC}"
EndProject
Project("{FAE04EC0-301F-11D3-BF4B-00C04F79EFBC}") = "csharp-api", "csharp-api\src\csharp-api.csproj", "{32D547BF-C9D5-8190-C246-C3F27899AD1A}"
EndProject
Global
	GlobalSection(SolutionConfigurationPlatforms) = preSolution
		Debug|Any CPU = Debug|Any CPU
		Release|Any CPU = Release|Any CPU
	EndGlobalSection
	GlobalSection(ProjectConfigurationPlatforms) = postSolution
		{32D547BF-C9D5-8190-C246-C3F27899AD1A}.Debug|Any CPU.ActiveCfg = Debug|Any CPU
		{32D547BF-C9D5-8190-C246-C3F27899AD1A}.Debug|Any CPU.Build.0 = Debug|Any CPU
		{32D547BF-C9D5-8190-C246-C3F27899AD1A}.Release|Any CPU.ActiveCfg = Release|Any CPU
		{32D547BF-C9D5-8190-C246-C3F27899AD1A}.Release|Any CPU.Build.0 = Release|Any CPU
	EndGlobalSection
	GlobalSection(SolutionProperties) = preSolution
		HideSolutionNode = FALSE
	EndGlobalSection
	GlobalSection(NestedProjects) = preSolution
		{32D547BF-C9D5-8190-C246-C3F27899AD1A} = {C7CF8A27-8B6C-DC5F-2938-47052F33FEEC}
	EndGlobalSection
	GlobalSection(ExtensibilityGlobals) = postSolution
		SolutionGuid = {7F4A852D-FCBF-4C94-AC48-676AA7444ED7}
	EndGlobalSection
EndGlobal
